
Microsoft Visual Studio Solution File, Format Version 12.00
# Visual Studio Version 17
VisualStudioVersion = 17.10.35013.160
MinimumVisualStudioVersion = 10.0.40219.1
Project("{2150E333-8FDC-42A3-9474-1A3956D46DE8}") = "Services", "Services", "{21368FAD-2C3F-42E5-8E6B-D11FB73C5AB0}"
EndProject
Project("{2150E333-8FDC-42A3-9474-1A3956D46DE8}") = "Catalog", "Catalog", "{2DDBC605-CB5B-4EE1-8CB1-3E8678BE278D}"
EndProject
Project("{FAE04EC0-301F-11D3-BF4B-00C04F79EFBC}") = "Catalog.API", "Services\Catalog\Catalog.API\Catalog.API.csproj", "{6184C126-BA74-48AE-A11B-8AA2CC959B82}"
EndProject
Project("{2150E333-8FDC-42A3-9474-1A3956D46DE8}") = "BuildingBlocks", "BuildingBlocks", "{4E2657AE-E36D-45BC-8BF7-BA9E395ECBE0}"
EndProject
Project("{FAE04EC0-301F-11D3-BF4B-00C04F79EFBC}") = "BuildingBlocks", "BuildingBlocks\BuildingBlocks\BuildingBlocks.csproj", "{4B80BDA7-43E1-433D-98F6-505A413E2626}"
EndProject
Global
	GlobalSection(SolutionConfigurationPlatforms) = preSolution
		Debug|Any CPU = Debug|Any CPU
		Release|Any CPU = Release|Any CPU
	EndGlobalSection
	GlobalSection(ProjectConfigurationPlatforms) = postSolution
		{6184C126-BA74-48AE-A11B-8AA2CC959B82}.Debug|Any CPU.ActiveCfg = Debug|Any CPU
		{6184C126-BA74-48AE-A11B-8AA2CC959B82}.Debug|Any CPU.Build.0 = Debug|Any CPU
		{6184C126-BA74-48AE-A11B-8AA2CC959B82}.Release|Any CPU.ActiveCfg = Release|Any CPU
		{6184C126-BA74-48AE-A11B-8AA2CC959B82}.Release|Any CPU.Build.0 = Release|Any CPU
		{4B80BDA7-43E1-433D-98F6-505A413E2626}.Debug|Any CPU.ActiveCfg = Debug|Any CPU
		{4B80BDA7-43E1-433D-98F6-505A413E2626}.Debug|Any CPU.Build.0 = Debug|Any CPU
		{4B80BDA7-43E1-433D-98F6-505A413E2626}.Release|Any CPU.ActiveCfg = Release|Any CPU
		{4B80BDA7-43E1-433D-98F6-505A413E2626}.Release|Any CPU.Build.0 = Release|Any CPU
	EndGlobalSection
	GlobalSection(SolutionProperties) = preSolution
		HideSolutionNode = FALSE
	EndGlobalSection
	GlobalSection(NestedProjects) = preSolution
		{2DDBC605-CB5B-4EE1-8CB1-3E8678BE278D} = {21368FAD-2C3F-42E5-8E6B-D11FB73C5AB0}
		{6184C126-BA74-48AE-A11B-8AA2CC959B82} = {2DDBC605-CB5B-4EE1-8CB1-3E8678BE278D}
		{4B80BDA7-43E1-433D-98F6-505A413E2626} = {4E2657AE-E36D-45BC-8BF7-BA9E395ECBE0}
	EndGlobalSection
	GlobalSection(ExtensibilityGlobals) = postSolution
		SolutionGuid = {9C637DB5-5789-410A-BC81-BFC9AD535E52}
	EndGlobalSection
EndGlobal
